
Microsoft Visual Studio Solution File, Format Version 12.00
# Visual Studio Version 17
VisualStudioVersion = 17.0.31903.59
MinimumVisualStudioVersion = 10.0.40219.1
Project("{FAE04EC0-301F-11D3-BF4B-00C04F79EFBC}") = "ModExt.Abstractions", "ModExt.Abstractions\ModExt.Abstractions.csproj", "{3BA40343-49AB-4304-A396-584B9C02D765}"
EndProject
Project("{FAE04EC0-301F-11D3-BF4B-00C04F79EFBC}") = "ModExt.Core", "ModExt.Core\ModExt.Core.csproj", "{CBECAD64-541D-45AA-9F1C-48352A0455F8}"
EndProject
Project("{FAE04EC0-301F-11D3-BF4B-00C04F79EFBC}") = "ModExt.Extra", "ModExt.Extra\ModExt.Extra.csproj", "{B464AC0C-F986-49F5-8F5F-91472FBF4A94}"
EndProject
Global
	GlobalSection(SolutionConfigurationPlatforms) = preSolution
		Debug|Any CPU = Debug|Any CPU
		Release|Any CPU = Release|Any CPU
	EndGlobalSection
	GlobalSection(SolutionProperties) = preSolution
		HideSolutionNode = FALSE
	EndGlobalSection
	GlobalSection(ProjectConfigurationPlatforms) = postSolution
		{3BA40343-49AB-4304-A396-584B9C02D765}.Debug|Any CPU.ActiveCfg = Debug|Any CPU
		{3BA40343-49AB-4304-A396-584B9C02D765}.Debug|Any CPU.Build.0 = Debug|Any CPU
		{3BA40343-49AB-4304-A396-584B9C02D765}.Release|Any CPU.ActiveCfg = Release|Any CPU
		{3BA40343-49AB-4304-A396-584B9C02D765}.Release|Any CPU.Build.0 = Release|Any CPU
		{CBECAD64-541D-45AA-9F1C-48352A0455F8}.Debug|Any CPU.ActiveCfg = Debug|Any CPU
		{CBECAD64-541D-45AA-9F1C-48352A0455F8}.Debug|Any CPU.Build.0 = Debug|Any CPU
		{CBECAD64-541D-45AA-9F1C-48352A0455F8}.Release|Any CPU.ActiveCfg = Release|Any CPU
		{CBECAD64-541D-45AA-9F1C-48352A0455F8}.Release|Any CPU.Build.0 = Release|Any CPU
		{B464AC0C-F986-49F5-8F5F-91472FBF4A94}.Debug|Any CPU.ActiveCfg = Debug|Any CPU
		{B464AC0C-F986-49F5-8F5F-91472FBF4A94}.Debug|Any CPU.Build.0 = Debug|Any CPU
		{B464AC0C-F986-49F5-8F5F-91472FBF4A94}.Release|Any CPU.ActiveCfg = Release|Any CPU
		{B464AC0C-F986-49F5-8F5F-91472FBF4A94}.Release|Any CPU.Build.0 = Release|Any CPU
	EndGlobalSection
EndGlobal
